
Microsoft Visual Studio Solution File, Format Version 12.00
# Visual Studio Version 17
VisualStudioVersion = 17.3.32825.248
MinimumVisualStudioVersion = 10.0.40219.1
Project("{9A19103F-16F7-4668-BE54-9A1E7A4F7556}") = "GameOfLife", "GameOfLife\GameOfLife.csproj", "{75D68EDA-F0C9-40D8-8025-A399C2A307E8}"
EndProject
Project("{9A19103F-16F7-4668-BE54-9A1E7A4F7556}") = "GameOfLife.Library", "GameOfLifeLibrary\GameOfLife.Library.csproj", "{A29DE468-4F15-450C-A298-DE029128DDCE}"
EndProject
Project("{9A19103F-16F7-4668-BE54-9A1E7A4F7556}") = "GameOfLife.UnitTests", "UnitTest\GameOfLife.UnitTests.csproj", "{54872340-9272-47BF-A62C-0A3E4FE64562}"
EndProject
Global
	GlobalSection(SolutionConfigurationPlatforms) = preSolution
		Debug|Any CPU = Debug|Any CPU
		Release|Any CPU = Release|Any CPU
	EndGlobalSection
	GlobalSection(ProjectConfigurationPlatforms) = postSolution
		{75D68EDA-F0C9-40D8-8025-A399C2A307E8}.Debug|Any CPU.ActiveCfg = Debug|Any CPU
		{75D68EDA-F0C9-40D8-8025-A399C2A307E8}.Debug|Any CPU.Build.0 = Debug|Any CPU
		{75D68EDA-F0C9-40D8-8025-A399C2A307E8}.Release|Any CPU.ActiveCfg = Release|Any CPU
		{75D68EDA-F0C9-40D8-8025-A399C2A307E8}.Release|Any CPU.Build.0 = Release|Any CPU
		{A29DE468-4F15-450C-A298-DE029128DDCE}.Debug|Any CPU.ActiveCfg = Debug|Any CPU
		{A29DE468-4F15-450C-A298-DE029128DDCE}.Debug|Any CPU.Build.0 = Debug|Any CPU
		{A29DE468-4F15-450C-A298-DE029128DDCE}.Release|Any CPU.ActiveCfg = Release|Any CPU
		{A29DE468-4F15-450C-A298-DE029128DDCE}.Release|Any CPU.Build.0 = Release|Any CPU
		{54872340-9272-47BF-A62C-0A3E4FE64562}.Debug|Any CPU.ActiveCfg = Debug|Any CPU
		{54872340-9272-47BF-A62C-0A3E4FE64562}.Debug|Any CPU.Build.0 = Debug|Any CPU
		{54872340-9272-47BF-A62C-0A3E4FE64562}.Release|Any CPU.ActiveCfg = Release|Any CPU
		{54872340-9272-47BF-A62C-0A3E4FE64562}.Release|Any CPU.Build.0 = Release|Any CPU
	EndGlobalSection
	GlobalSection(SolutionProperties) = preSolution
		HideSolutionNode = FALSE
	EndGlobalSection
	GlobalSection(ExtensibilityGlobals) = postSolution
		SolutionGuid = {38D4AE8D-0D05-4B81-93A5-3368B2211BB0}
	EndGlobalSection
EndGlobal
